
Microsoft Visual Studio Solution File, Format Version 12.00
Project("{F2A71F9B-5D33-465A-A702-920D77279786}") = "Puzzles", "Puzzles\Puzzles.fsproj", "{24761B6B-B5D1-4E20-91C2-F741491FDFA5}"
EndProject
Global
	GlobalSection(SolutionConfigurationPlatforms) = preSolution
		Debug|Any CPU = Debug|Any CPU
		Release|Any CPU = Release|Any CPU
	EndGlobalSection
	GlobalSection(ProjectConfigurationPlatforms) = postSolution
		{24761B6B-B5D1-4E20-91C2-F741491FDFA5}.Debug|Any CPU.ActiveCfg = Debug|Any CPU
		{24761B6B-B5D1-4E20-91C2-F741491FDFA5}.Debug|Any CPU.Build.0 = Debug|Any CPU
		{24761B6B-B5D1-4E20-91C2-F741491FDFA5}.Release|Any CPU.ActiveCfg = Release|Any CPU
		{24761B6B-B5D1-4E20-91C2-F741491FDFA5}.Release|Any CPU.Build.0 = Release|Any CPU
	EndGlobalSection
EndGlobal
